// !$*UTF8*$!
{
	archiveVersion = 1;
	classes = {
	};
	objectVersion = 50;
	objects = {

/* Begin PBXBuildFile section */
		F19BF21123A0C01900FB5C35 /* AppDelegate.m in Sources */ = {isa = PBXBuildFile; fileRef = F19BF21023A0C01900FB5C35 /* AppDelegate.m */; };
		F19BF21423A0C01900FB5C35 /* SceneDelegate.m in Sources */ = {isa = PBXBuildFile; fileRef = F19BF21323A0C01900FB5C35 /* SceneDelegate.m */; };
		F19BF21723A0C01900FB5C35 /* ViewController.m in Sources */ = {isa = PBXBuildFile; fileRef = F19BF21623A0C01900FB5C35 /* ViewController.m */; };
		F19BF21A23A0C01900FB5C35 /* Main.storyboard in Resources */ = {isa = PBXBuildFile; fileRef = F19BF21823A0C01900FB5C35 /* Main.storyboard */; };
		F19BF21C23A0C01D00FB5C35 /* Assets.xcassets in Resources */ = {isa = PBXBuildFile; fileRef = F19BF21B23A0C01D00FB5C35 /* Assets.xcassets */; };
		F19BF21F23A0C01D00FB5C35 /* LaunchScreen.storyboard in Resources */ = {isa = PBXBuildFile; fileRef = F19BF21D23A0C01D00FB5C35 /* LaunchScreen.storyboard */; };
		F19BF22223A0C01D00FB5C35 /* main.m in Sources */ = {isa = PBXBuildFile; fileRef = F19BF22123A0C01D00FB5C35 /* main.m */; };
		F19BF22C23A0C01D00FB5C35 /* KVO_demoTests.m in Sources */ = {isa = PBXBuildFile; fileRef = F19BF22B23A0C01D00FB5C35 /* KVO_demoTests.m */; };
		F19BF23723A0C01D00FB5C35 /* KVO_demoUITests.m in Sources */ = {isa = PBXBuildFile; fileRef = F19BF23623A0C01D00FB5C35 /* KVO_demoUITests.m */; };
		F19BF24623A0C03900FB5C35 /* Fish.m in Sources */ = {isa = PBXBuildFile; fileRef = F19BF24523A0C03900FB5C35 /* Fish.m */; };
		F19BF24923A1815200FB5C35 /* SmallFish.m in Sources */ = {isa = PBXBuildFile; fileRef = F19BF24823A1815200FB5C35 /* SmallFish.m */; };
/* End PBXBuildFile section */

/* Begin PBXContainerItemProxy section */
		F19BF22823A0C01D00FB5C35 /* PBXContainerItemProxy */ = {
			isa = PBXContainerItemProxy;
			containerPortal = F19BF20423A0C01900FB5C35 /* Project object */;
			proxyType = 1;
			remoteGlobalIDString = F19BF20B23A0C01900FB5C35;
			remoteInfo = KVO_demo;
		};
		F19BF23323A0C01D00FB5C35 /* PBXContainerItemProxy */ = {
			isa = PBXContainerItemProxy;
			containerPortal = F19BF20423A0C01900FB5C35 /* Project object */;
			proxyType = 1;
			remoteGlobalIDString = F19BF20B23A0C01900FB5C35;
			remoteInfo = KVO_demo;
		};
/* End PBXContainerItemProxy section */

/* Begin PBXFileReference section */
		F19BF20C23A0C01900FB5C35 /* KVO_demo.app */ = {isa = PBXFileReference; explicitFileType = wrapper.application; includeInIndex = 0; path = KVO_demo.app; sourceTree = BUILT_PRODUCTS_DIR; };
		F19BF20F23A0C01900FB5C35 /* AppDelegate.h */ = {isa = PBXFileReference; lastKnownFileType = sourcecode.c.h; path = AppDelegate.h; sourceTree = "<group>"; };
		F19BF21023A0C01900FB5C35 /* AppDelegate.m */ = {isa = PBXFileReference; lastKnownFileType = sourcecode.c.objc; path = AppDelegate.m; sourceTree = "<group>"; };
		F19BF21223A0C01900FB5C35 /* SceneDelegate.h */ = {isa = PBXFileReference; lastKnownFileType = sourcecode.c.h; path = SceneDelegate.h; sourceTree = "<group>"; };
		F19BF21323A0C01900FB5C35 /* SceneDelegate.m */ = {isa = PBXFileReference; lastKnownFileType = sourcecode.c.objc; path = SceneDelegate.m; sourceTree = "<group>"; };
		F19BF21523A0C01900FB5C35 /* ViewController.h */ = {isa = PBXFileReference; lastKnownFileType = sourcecode.c.h; path = ViewController.h; sourceTree = "<group>"; };
		F19BF21623A0C01900FB5C35 /* ViewController.m */ = {isa = PBXFileReference; lastKnownFileType = sourcecode.c.objc; path = ViewController.m; sourceTree = "<group>"; };
		F19BF21923A0C01900FB5C35 /* Base */ = {isa = PBXFileReference; lastKnownFileType = file.storyboard; name = Base; path = Base.lproj/Main.storyboard; sourceTree = "<group>"; };
		F19BF21B23A0C01D00FB5C35 /* Assets.xcassets */ = {isa = PBXFileReference; lastKnownFileType = folder.assetcatalog; path = Assets.xcassets; sourceTree = "<group>"; };
		F19BF21E23A0C01D00FB5C35 /* Base */ = {isa = PBXFileReference; lastKnownFileType = file.storyboard; name = Base; path = Base.lproj/LaunchScreen.storyboard; sourceTree = "<group>"; };
		F19BF22023A0C01D00FB5C35 /* Info.plist */ = {isa = PBXFileReference; lastKnownFileType = text.plist.xml; path = Info.plist; sourceTree = "<group>"; };
		F19BF22123A0C01D00FB5C35 /* main.m */ = {isa = PBXFileReference; lastKnownFileType = sourcecode.c.objc; path = main.m; sourceTree = "<group>"; };
		F19BF22723A0C01D00FB5C35 /* KVO_demoTests.xctest */ = {isa = PBXFileReference; explicitFileType = wrapper.cfbundle; includeInIndex = 0; path = KVO_demoTests.xctest; sourceTree = BUILT_PRODUCTS_DIR; };
		F19BF22B23A0C01D00FB5C35 /* KVO_demoTests.m */ = {isa = PBXFileReference; lastKnownFileType = sourcecode.c.objc; path = KVO_demoTests.m; sourceTree = "<group>"; };
		F19BF22D23A0C01D00FB5C35 /* Info.plist */ = {isa = PBXFileReference; lastKnownFileType = text.plist.xml; path = Info.plist; sourceTree = "<group>"; };
		F19BF23223A0C01D00FB5C35 /* KVO_demoUITests.xctest */ = {isa = PBXFileReference; explicitFileType = wrapper.cfbundle; includeInIndex = 0; path = KVO_demoUITests.xctest; sourceTree = BUILT_PRODUCTS_DIR; };
		F19BF23623A0C01D00FB5C35 /* KVO_demoUITests.m */ = {isa = PBXFileReference; lastKnownFileType = sourcecode.c.objc; path = KVO_demoUITests.m; sourceTree = "<group>"; };
		F19BF23823A0C01D00FB5C35 /* Info.plist */ = {isa = PBXFileReference; lastKnownFileType = text.plist.xml; path = Info.plist; sourceTree = "<group>"; };
		F19BF24423A0C03900FB5C35 /* Fish.h */ = {isa = PBXFileReference; lastKnownFileType = sourcecode.c.h; path = Fish.h; sourceTree = "<group>"; };
		F19BF24523A0C03900FB5C35 /* Fish.m */ = {isa = PBXFileReference; lastKnownFileType = sourcecode.c.objc; path = Fish.m; sourceTree = "<group>"; };
		F19BF24723A1815200FB5C35 /* SmallFish.h */ = {isa = PBXFileReference; lastKnownFileType = sourcecode.c.h; path = SmallFish.h; sourceTree = "<group>"; };
		F19BF24823A1815200FB5C35 /* SmallFish.m */ = {isa = PBXFileReference; lastKnownFileType = sourcecode.c.objc; path = SmallFish.m; sourceTree = "<group>"; };
/* End PBXFileReference section */

/* Begin PBXFrameworksBuildPhase section */
		F19BF20923A0C01900FB5C35 /* Frameworks */ = {
			isa = PBXFrameworksBuildPhase;
			buildActionMask = 2147483647;
			files = (
			);
			runOnlyForDeploymentPostprocessing = 0;
		};
		F19BF22423A0C01D00FB5C35 /* Frameworks */ = {
			isa = PBXFrameworksBuildPhase;
			buildActionMask = 2147483647;
			files = (
			);
			runOnlyForDeploymentPostprocessing = 0;
		};
		F19BF22F23A0C01D00FB5C35 /* Frameworks */ = {
			isa = PBXFrameworksBuildPhase;
			buildActionMask = 2147483647;
			files = (
			);
			runOnlyForDeploymentPostprocessing = 0;
		};
/* End PBXFrameworksBuildPhase section */

/* Begin PBXGroup section */
		F19BF20323A0C01900FB5C35 = {
			isa = PBXGroup;
			children = (
				F19BF20E23A0C01900FB5C35 /* KVO_demo */,
				F19BF22A23A0C01D00FB5C35 /* KVO_demoTests */,
				F19BF23523A0C01D00FB5C35 /* KVO_demoUITests */,
				F19BF20D23A0C01900FB5C35 /* Products */,
			);
			sourceTree = "<group>";
		};
		F19BF20D23A0C01900FB5C35 /* Products */ = {
			isa = PBXGroup;
			children = (
				F19BF20C23A0C01900FB5C35 /* KVO_demo.app */,
				F19BF22723A0C01D00FB5C35 /* KVO_demoTests.xctest */,
				F19BF23223A0C01D00FB5C35 /* KVO_demoUITests.xctest */,
			);
			name = Products;
			sourceTree = "<group>";
		};
		F19BF20E23A0C01900FB5C35 /* KVO_demo */ = {
			isa = PBXGroup;
			children = (
				F19BF20F23A0C01900FB5C35 /* AppDelegate.h */,
				F19BF21023A0C01900FB5C35 /* AppDelegate.m */,
				F19BF21223A0C01900FB5C35 /* SceneDelegate.h */,
				F19BF21323A0C01900FB5C35 /* SceneDelegate.m */,
				F19BF21523A0C01900FB5C35 /* ViewController.h */,
				F19BF21623A0C01900FB5C35 /* ViewController.m */,
				F19BF24423A0C03900FB5C35 /* Fish.h */,
				F19BF24523A0C03900FB5C35 /* Fish.m */,
				F19BF24723A1815200FB5C35 /* SmallFish.h */,
				F19BF24823A1815200FB5C35 /* SmallFish.m */,
				F19BF21823A0C01900FB5C35 /* Main.storyboard */,
				F19BF21B23A0C01D00FB5C35 /* Assets.xcassets */,
				F19BF21D23A0C01D00FB5C35 /* LaunchScreen.storyboard */,
				F19BF22023A0C01D00FB5C35 /* Info.plist */,
				F19BF22123A0C01D00FB5C35 /* main.m */,
			);
			path = KVO_demo;
			sourceTree = "<group>";
		};
		F19BF22A23A0C01D00FB5C35 /* KVO_demoTests */ = {
			isa = PBXGroup;
			children = (
				F19BF22B23A0C01D00FB5C35 /* KVO_demoTests.m */,
				F19BF22D23A0C01D00FB5C35 /* Info.plist */,
			);
			path = KVO_demoTests;
			sourceTree = "<group>";
		};
		F19BF23523A0C01D00FB5C35 /* KVO_demoUITests */ = {
			isa = PBXGroup;
			children = (
				F19BF23623A0C01D00FB5C35 /* KVO_demoUITests.m */,
				F19BF23823A0C01D00FB5C35 /* Info.plist */,
			);
			path = KVO_demoUITests;
			sourceTree = "<group>";
		};
/* End PBXGroup section */

/* Begin PBXNativeTarget section */
		F19BF20B23A0C01900FB5C35 /* KVO_demo */ = {
			isa = PBXNativeTarget;
			buildConfigurationList = F19BF23B23A0C01D00FB5C35 /* Build configuration list for PBXNativeTarget "KVO_demo" */;
			buildPhases = (
				F19BF20823A0C01900FB5C35 /* Sources */,
				F19BF20923A0C01900FB5C35 /* Frameworks */,
				F19BF20A23A0C01900FB5C35 /* Resources */,
			);
			buildRules = (
			);
			dependencies = (
			);
			name = KVO_demo;
			productName = KVO_demo;
			productReference = F19BF20C23A0C01900FB5C35 /* KVO_demo.app */;
			productType = "com.apple.product-type.application";
		};
		F19BF22623A0C01D00FB5C35 /* KVO_demoTests */ = {
			isa = PBXNativeTarget;
			buildConfigurationList = F19BF23E23A0C01D00FB5C35 /* Build configuration list for PBXNativeTarget "KVO_demoTests" */;
			buildPhases = (
				F19BF22323A0C01D00FB5C35 /* Sources */,
				F19BF22423A0C01D00FB5C35 /* Frameworks */,
				F19BF22523A0C01D00FB5C35 /* Resources */,
			);
			buildRules = (
			);
			dependencies = (
				F19BF22923A0C01D00FB5C35 /* PBXTargetDependency */,
			);
			name = KVO_demoTests;
			productName = KVO_demoTests;
			productReference = F19BF22723A0C01D00FB5C35 /* KVO_demoTests.xctest */;
			productType = "com.apple.product-type.bundle.unit-test";
		};
		F19BF23123A0C01D00FB5C35 /* KVO_demoUITests */ = {
			isa = PBXNativeTarget;
			buildConfigurationList = F19BF24123A0C01D00FB5C35 /* Build configuration list for PBXNativeTarget "KVO_demoUITests" */;
			buildPhases = (
				F19BF22E23A0C01D00FB5C35 /* Sources */,
				F19BF22F23A0C01D00FB5C35 /* Frameworks */,
				F19BF23023A0C01D00FB5C35 /* Resources */,
			);
			buildRules = (
			);
			dependencies = (
				F19BF23423A0C01D00FB5C35 /* PBXTargetDependency */,
			);
			name = KVO_demoUITests;
			productName = KVO_demoUITests;
			productReference = F19BF23223A0C01D00FB5C35 /* KVO_demoUITests.xctest */;
			productType = "com.apple.product-type.bundle.ui-testing";
		};
/* End PBXNativeTarget section */

/* Begin PBXProject section */
		F19BF20423A0C01900FB5C35 /* Project object */ = {
			isa = PBXProject;
			attributes = {
				LastUpgradeCheck = 1120;
				ORGANIZATIONNAME = "毕博洋";
				TargetAttributes = {
					F19BF20B23A0C01900FB5C35 = {
						CreatedOnToolsVersion = 11.2.1;
					};
					F19BF22623A0C01D00FB5C35 = {
						CreatedOnToolsVersion = 11.2.1;
						TestTargetID = F19BF20B23A0C01900FB5C35;
					};
					F19BF23123A0C01D00FB5C35 = {
						CreatedOnToolsVersion = 11.2.1;
						TestTargetID = F19BF20B23A0C01900FB5C35;
					};
				};
			};
			buildConfigurationList = F19BF20723A0C01900FB5C35 /* Build configuration list for PBXProject "KVO_demo" */;
			compatibilityVersion = "Xcode 9.3";
			developmentRegion = en;
			hasScannedForEncodings = 0;
			knownRegions = (
				en,
				Base,
			);
			mainGroup = F19BF20323A0C01900FB5C35;
			productRefGroup = F19BF20D23A0C01900FB5C35 /* Products */;
			projectDirPath = "";
			projectRoot = "";
			targets = (
				F19BF20B23A0C01900FB5C35 /* KVO_demo */,
				F19BF22623A0C01D00FB5C35 /* KVO_demoTests */,
				F19BF23123A0C01D00FB5C35 /* KVO_demoUITests */,
			);
		};
/* End PBXProject section */

/* Begin PBXResourcesBuildPhase section */
		F19BF20A23A0C01900FB5C35 /* Resources */ = {
			isa = PBXResourcesBuildPhase;
			buildActionMask = 2147483647;
			files = (
				F19BF21F23A0C01D00FB5C35 /* LaunchScreen.storyboard in Resources */,
				F19BF21C23A0C01D00FB5C35 /* Assets.xcassets in Resources */,
				F19BF21A23A0C01900FB5C35 /* Main.storyboard in Resources */,
			);
			runOnlyForDeploymentPostprocessing = 0;
		};
		F19BF22523A0C01D00FB5C35 /* Resources */ = {
			isa = PBXResourcesBuildPhase;
			buildActionMask = 2147483647;
			files = (
			);
			runOnlyForDeploymentPostprocessing = 0;
		};
		F19BF23023A0C01D00FB5C35 /* Resources */ = {
			isa = PBXResourcesBuildPhase;
			buildActionMask = 2147483647;
			files = (
			);
			runOnlyForDeploymentPostprocessing = 0;
		};
/* End PBXResourcesBuildPhase section */

/* Begin PBXSourcesBuildPhase section */
		F19BF20823A0C01900FB5C35 /* Sources */ = {
			isa = PBXSourcesBuildPhase;
			buildActionMask = 2147483647;
			files = (
				F19BF24623A0C03900FB5C35 /* Fish.m in Sources */,
				F19BF21723A0C01900FB5C35 /* ViewController.m in Sources */,
				F19BF21123A0C01900FB5C35 /* AppDelegate.m in Sources */,
				F19BF22223A0C01D00FB5C35 /* main.m in Sources */,
				F19BF21423A0C01900FB5C35 /* SceneDelegate.m in Sources */,
				F19BF24923A1815200FB5C35 /* SmallFish.m in Sources */,
			);
			runOnlyForDeploymentPostprocessing = 0;
		};
		F19BF22323A0C01D00FB5C35 /* Sources */ = {
			isa = PBXSourcesBuildPhase;
			buildActionMask = 2147483647;
			files = (
				F19BF22C23A0C01D00FB5C35 /* KVO_demoTests.m in Sources */,
			);
			runOnlyForDeploymentPostprocessing = 0;
		};
		F19BF22E23A0C01D00FB5C35 /* Sources */ = {
			isa = PBXSourcesBuildPhase;
			buildActionMask = 2147483647;
			files = (
				F19BF23723A0C01D00FB5C35 /* KVO_demoUITests.m in Sources */,
			);
			runOnlyForDeploymentPostprocessing = 0;
		};
/* End PBXSourcesBuildPhase section */

/* Begin PBXTargetDependency section */
		F19BF22923A0C01D00FB5C35 /* PBXTargetDependency */ = {
			isa = PBXTargetDependency;
			target = F19BF20B23A0C01900FB5C35 /* KVO_demo */;
			targetProxy = F19BF22823A0C01D00FB5C35 /* PBXContainerItemProxy */;
		};
		F19BF23423A0C01D00FB5C35 /* PBXTargetDependency */ = {
			isa = PBXTargetDependency;
			target = F19BF20B23A0C01900FB5C35 /* KVO_demo */;
			targetProxy = F19BF23323A0C01D00FB5C35 /* PBXContainerItemProxy */;
		};
/* End PBXTargetDependency section */

/* Begin PBXVariantGroup section */
		F19BF21823A0C01900FB5C35 /* Main.storyboard */ = {
			isa = PBXVariantGroup;
			children = (
				F19BF21923A0C01900FB5C35 /* Base */,
			);
			name = Main.storyboard;
			sourceTree = "<group>";
		};
		F19BF21D23A0C01D00FB5C35 /* LaunchScreen.storyboard */ = {
			isa = PBXVariantGroup;
			children = (
				F19BF21E23A0C01D00FB5C35 /* Base */,
			);
			name = LaunchScreen.storyboard;
			sourceTree = "<group>";
		};
/* End PBXVariantGroup section */

/* Begin XCBuildConfiguration section */
		F19BF23923A0C01D00FB5C35 /* Debug */ = {
			isa = XCBuildConfiguration;
			buildSettings = {
				ALWAYS_SEARCH_USER_PATHS = NO;
				CLANG_ANALYZER_NONNULL = YES;
				CLANG_ANALYZER_NUMBER_OBJECT_CONVERSION = YES_AGGRESSIVE;
				CLANG_CXX_LANGUAGE_STANDARD = "gnu++14";
				CLANG_CXX_LIBRARY = "libc++";
				CLANG_ENABLE_MODULES = YES;
				CLANG_ENABLE_OBJC_ARC = YES;
				CLANG_ENABLE_OBJC_WEAK = YES;
				CLANG_WARN_BLOCK_CAPTURE_AUTORELEASING = YES;
				CLANG_WARN_BOOL_CONVERSION = YES;
				CLANG_WARN_COMMA = YES;
				CLANG_WARN_CONSTANT_CONVERSION = YES;
				CLANG_WARN_DEPRECATED_OBJC_IMPLEMENTATIONS = YES;
				CLANG_WARN_DIRECT_OBJC_ISA_USAGE = YES_ERROR;
				CLANG_WARN_DOCUMENTATION_COMMENTS = YES;
				CLANG_WARN_EMPTY_BODY = YES;
				CLANG_WARN_ENUM_CONVERSION = YES;
				CLANG_WARN_INFINITE_RECURSION = YES;
				CLANG_WARN_INT_CONVERSION = YES;
				CLANG_WARN_NON_LITERAL_NULL_CONVERSION = YES;
				CLANG_WARN_OBJC_IMPLICIT_RETAIN_SELF = YES;
				CLANG_WARN_OBJC_LITERAL_CONVERSION = YES;
				CLANG_WARN_OBJC_ROOT_CLASS = YES_ERROR;
				CLANG_WARN_RANGE_LOOP_ANALYSIS = YES;
				CLANG_WARN_STRICT_PROTOTYPES = YES;
				CLANG_WARN_SUSPICIOUS_MOVE = YES;
				CLANG_WARN_UNGUARDED_AVAILABILITY = YES_AGGRESSIVE;
				CLANG_WARN_UNREACHABLE_CODE = YES;
				CLANG_WARN__DUPLICATE_METHOD_MATCH = YES;
				COPY_PHASE_STRIP = NO;
				DEBUG_INFORMATION_FORMAT = dwarf;
				ENABLE_STRICT_OBJC_MSGSEND = YES;
				ENABLE_TESTABILITY = YES;
				GCC_C_LANGUAGE_STANDARD = gnu11;
				GCC_DYNAMIC_NO_PIC = NO;
				GCC_NO_COMMON_BLOCKS = YES;
				GCC_OPTIMIZATION_LEVEL = 0;
				GCC_PREPROCESSOR_DEFINITIONS = (
					"DEBUG=1",
					"$(inherited)",
				);
				GCC_WARN_64_TO_32_BIT_CONVERSION = YES;
				GCC_WARN_ABOUT_RETURN_TYPE = YES_ERROR;
				GCC_WARN_UNDECLARED_SELECTOR = YES;
				GCC_WARN_UNINITIALIZED_AUTOS = YES_AGGRESSIVE;
				GCC_WARN_UNUSED_FUNCTION = YES;
				GCC_WARN_UNUSED_VARIABLE = YES;
				IPHONEOS_DEPLOYMENT_TARGET = 13.2;
				MTL_ENABLE_DEBUG_INFO = INCLUDE_SOURCE;
				MTL_FAST_MATH = YES;
				ONLY_ACTIVE_ARCH = YES;
				SDKROOT = iphoneos;
			};
			name = Debug;
		};
		F19BF23A23A0C01D00FB5C35 /* Release */ = {
			isa = XCBuildConfiguration;
			buildSettings = {
				ALWAYS_SEARCH_USER_PATHS = NO;
				CLANG_ANALYZER_NONNULL = YES;
				CLANG_ANALYZER_NUMBER_OBJECT_CONVERSION = YES_AGGRESSIVE;
				CLANG_CXX_LANGUAGE_STANDARD = "gnu++14";
				CLANG_CXX_LIBRARY = "libc++";
				CLANG_ENABLE_MODULES = YES;
				CLANG_ENABLE_OBJC_ARC = YES;
				CLANG_ENABLE_OBJC_WEAK = YES;
				CLANG_WARN_BLOCK_CAPTURE_AUTORELEASING = YES;
				CLANG_WARN_BOOL_CONVERSION = YES;
				CLANG_WARN_COMMA = YES;
				CLANG_WARN_CONSTANT_CONVERSION = YES;
				CLANG_WARN_DEPRECATED_OBJC_IMPLEMENTATIONS = YES;
				CLANG_WARN_DIRECT_OBJC_ISA_USAGE = YES_ERROR;
				CLANG_WARN_DOCUMENTATION_COMMENTS = YES;
				CLANG_WARN_EMPTY_BODY = YES;
				CLANG_WARN_ENUM_CONVERSION = YES;
				CLANG_WARN_INFINITE_RECURSION = YES;
				CLANG_WARN_INT_CONVERSION = YES;
				CLANG_WARN_NON_LITERAL_NULL_CONVERSION = YES;
				CLANG_WARN_OBJC_IMPLICIT_RETAIN_SELF = YES;
				CLANG_WARN_OBJC_LITERAL_CONVERSION = YES;
				CLANG_WARN_OBJC_ROOT_CLASS = YES_ERROR;
				CLANG_WARN_RANGE_LOOP_ANALYSIS = YES;
				CLANG_WARN_STRICT_PROTOTYPES = YES;
				CLANG_WARN_SUSPICIOUS_MOVE = YES;
				CLANG_WARN_UNGUARDED_AVAILABILITY = YES_AGGRESSIVE;
				CLANG_WARN_UNREACHABLE_CODE = YES;
				CLANG_WARN__DUPLICATE_METHOD_MATCH = YES;
				COPY_PHASE_STRIP = NO;
				DEBUG_INFORMATION_FORMAT = "dwarf-with-dsym";
				ENABLE_NS_ASSERTIONS = NO;
				ENABLE_STRICT_OBJC_MSGSEND = YES;
				GCC_C_LANGUAGE_STANDARD = gnu11;
				GCC_NO_COMMON_BLOCKS = YES;
				GCC_WARN_64_TO_32_BIT_CONVERSION = YES;
				GCC_WARN_ABOUT_RETURN_TYPE = YES_ERROR;
				GCC_WARN_UNDECLARED_SELECTOR = YES;
				GCC_WARN_UNINITIALIZED_AUTOS = YES_AGGRESSIVE;
				GCC_WARN_UNUSED_FUNCTION = YES;
				GCC_WARN_UNUSED_VARIABLE = YES;
				IPHONEOS_DEPLOYMENT_TARGET = 13.2;
				MTL_ENABLE_DEBUG_INFO = NO;
				MTL_FAST_MATH = YES;
				SDKROOT = iphoneos;
				VALIDATE_PRODUCT = YES;
			};
			name = Release;
		};
		F19BF23C23A0C01D00FB5C35 /* Debug */ = {
			isa = XCBuildConfiguration;
			buildSettings = {
				ASSETCATALOG_COMPILER_APPICON_NAME = AppIcon;
				CODE_SIGN_STYLE = Automatic;
				INFOPLIST_FILE = KVO_demo/Info.plist;
				LD_RUNPATH_SEARCH_PATHS = (
					"$(inherited)",
					"@executable_path/Frameworks",
				);
				PRODUCT_BUNDLE_IDENTIFIER = "bby.KVO-demo";
				PRODUCT_NAME = "$(TARGET_NAME)";
				TARGETED_DEVICE_FAMILY = "1,2";
			};
			name = Debug;
		};
		F19BF23D23A0C01D00FB5C35 /* Release */ = {
			isa = XCBuildConfiguration;
			buildSettings = {
				ASSETCATALOG_COMPILER_APPICON_NAME = AppIcon;
				CODE_SIGN_STYLE = Automatic;
				INFOPLIST_FILE = KVO_demo/Info.plist;
				LD_RUNPATH_SEARCH_PATHS = (
					"$(inherited)",
					"@executable_path/Frameworks",
				);
				PRODUCT_BUNDLE_IDENTIFIER = "bby.KVO-demo";
				PRODUCT_NAME = "$(TARGET_NAME)";
				TARGETED_DEVICE_FAMILY = "1,2";
			};
			name = Release;
		};
		F19BF23F23A0C01D00FB5C35 /* Debug */ = {
			isa = XCBuildConfiguration;
			buildSettings = {
				BUNDLE_LOADER = "$(TEST_HOST)";
				CODE_SIGN_STYLE = Automatic;
				INFOPLIST_FILE = KVO_demoTests/Info.plist;
				IPHONEOS_DEPLOYMENT_TARGET = 13.2;
				LD_RUNPATH_SEARCH_PATHS = (
					"$(inherited)",
					"@executable_path/Frameworks",
					"@loader_path/Frameworks",
				);
				PRODUCT_BUNDLE_IDENTIFIER = "bby.KVO-demoTests";
				PRODUCT_NAME = "$(TARGET_NAME)";
				TARGETED_DEVICE_FAMILY = "1,2";
				TEST_HOST = "$(BUILT_PRODUCTS_DIR)/KVO_demo.app/KVO_demo";
			};
			name = Debug;
		};
		F19BF24023A0C01D00FB5C35 /* Release */ = {
			isa = XCBuildConfiguration;
			buildSettings = {
				BUNDLE_LOADER = "$(TEST_HOST)";
				CODE_SIGN_STYLE = Automatic;
				INFOPLIST_FILE = KVO_demoTests/Info.plist;
				IPHONEOS_DEPLOYMENT_TARGET = 13.2;
				LD_RUNPATH_SEARCH_PATHS = (
					"$(inherited)",
					"@executable_path/Frameworks",
					"@loader_path/Frameworks",
				);
				PRODUCT_BUNDLE_IDENTIFIER = "bby.KVO-demoTests";
				PRODUCT_NAME = "$(TARGET_NAME)";
				TARGETED_DEVICE_FAMILY = "1,2";
				TEST_HOST = "$(BUILT_PRODUCTS_DIR)/KVO_demo.app/KVO_demo";
			};
			name = Release;
		};
		F19BF24223A0C01D00FB5C35 /* Debug */ = {
			isa = XCBuildConfiguration;
			buildSettings = {
				CODE_SIGN_STYLE = Automatic;
				INFOPLIST_FILE = KVO_demoUITests/Info.plist;
				LD_RUNPATH_SEARCH_PATHS = (
					"$(inherited)",
					"@executable_path/Frameworks",
					"@loader_path/Frameworks",
				);
				PRODUCT_BUNDLE_IDENTIFIER = "bby.KVO-demoUITests";
				PRODUCT_NAME = "$(TARGET_NAME)";
				TARGETED_DEVICE_FAMILY = "1,2";
				TEST_TARGET_NAME = KVO_demo;
			};
			name = Debug;
		};
		F19BF24323A0C01D00FB5C35 /* Release */ = {
			isa = XCBuildConfiguration;
			buildSettings = {
				CODE_SIGN_STYLE = Automatic;
				INFOPLIST_FILE = KVO_demoUITests/Info.plist;
				LD_RUNPATH_SEARCH_PATHS = (
					"$(inherited)",
					"@executable_path/Frameworks",
					"@loader_path/Frameworks",
				);
				PRODUCT_BUNDLE_IDENTIFIER = "bby.KVO-demoUITests";
				PRODUCT_NAME = "$(TARGET_NAME)";
				TARGETED_DEVICE_FAMILY = "1,2";
				TEST_TARGET_NAME = KVO_demo;
			};
			name = Release;
		};
/* End XCBuildConfiguration section */

/* Begin XCConfigurationList section */
		F19BF20723A0C01900FB5C35 /* Build configuration list for PBXProject "KVO_demo" */ = {
			isa = XCConfigurationList;
			buildConfigurations = (
				F19BF23923A0C01D00FB5C35 /* Debug */,
				F19BF23A23A0C01D00FB5C35 /* Release */,
			);
			defaultConfigurationIsVisible = 0;
			defaultConfigurationName = Release;
		};
		F19BF23B23A0C01D00FB5C35 /* Build configuration list for PBXNativeTarget "KVO_demo" */ = {
			isa = XCConfigurationList;
			buildConfigurations = (
				F19BF23C23A0C01D00FB5C35 /* Debug */,
				F19BF23D23A0C01D00FB5C35 /* Release */,
			);
			defaultConfigurationIsVisible = 0;
			defaultConfigurationName = Release;
		};
		F19BF23E23A0C01D00FB5C35 /* Build configuration list for PBXNativeTarget "KVO_demoTests" */ = {
			isa = XCConfigurationList;
			buildConfigurations = (
				F19BF23F23A0C01D00FB5C35 /* Debug */,
				F19BF24023A0C01D00FB5C35 /* Release */,
			);
			defaultConfigurationIsVisible = 0;
			defaultConfigurationName = Release;
		};
		F19BF24123A0C01D00FB5C35 /* Build configuration list for PBXNativeTarget "KVO_demoUITests" */ = {
			isa = XCConfigurationList;
			buildConfigurations = (
				F19BF24223A0C01D00FB5C35 /* Debug */,
				F19BF24323A0C01D00FB5C35 /* Release */,
			);
			defaultConfigurationIsVisible = 0;
			defaultConfigurationName = Release;
		};
/* End XCConfigurationList section */
	};
	rootObject = F19BF20423A0C01900FB5C35 /* Project object */;
}
